
Microsoft Visual Studio Solution File, Format Version 12.00
# Visual Studio 15
VisualStudioVersion = 15.0.28307.168
MinimumVisualStudioVersion = 10.0.40219.1
Project("{FAE04EC0-301F-11D3-BF4B-00C04F79EFBC}") = "3.2-word-frequency", "3.2-word-frequency\3.2-word-frequency.csproj", "{5ECC8507-FB0E-43B8-BD80-C75302954FDD}"
EndProject
Project("{FAE04EC0-301F-11D3-BF4B-00C04F79EFBC}") = "3.1-lost", "3.1-lost\3.1-lost.csproj", "{A6CEB6FE-0B4A-4918-9D92-2853F9D820EE}"
EndProject
Project("{FAE04EC0-301F-11D3-BF4B-00C04F79EFBC}") = "3.3-dynamic-array", "3.3-dynamic-array\3.3-dynamic-array.csproj", "{86B32DD5-4CE8-43A6-A4B0-D761261B9A4E}"
EndProject
Project("{FAE04EC0-301F-11D3-BF4B-00C04F79EFBC}") = "3.4-dynamic-array-hardcore-mode", "3.4-dynamic-array-hardcore-mode\3.4-dynamic-array-hardcore-mode.csproj", "{317095FA-B36E-4091-813D-77A6497550E4}"
EndProject
Global
	GlobalSection(SolutionConfigurationPlatforms) = preSolution
		Debug|Any CPU = Debug|Any CPU
		Release|Any CPU = Release|Any CPU
	EndGlobalSection
	GlobalSection(ProjectConfigurationPlatforms) = postSolution
		{5ECC8507-FB0E-43B8-BD80-C75302954FDD}.Debug|Any CPU.ActiveCfg = Debug|Any CPU
		{5ECC8507-FB0E-43B8-BD80-C75302954FDD}.Debug|Any CPU.Build.0 = Debug|Any CPU
		{5ECC8507-FB0E-43B8-BD80-C75302954FDD}.Release|Any CPU.ActiveCfg = Release|Any CPU
		{5ECC8507-FB0E-43B8-BD80-C75302954FDD}.Release|Any CPU.Build.0 = Release|Any CPU
		{A6CEB6FE-0B4A-4918-9D92-2853F9D820EE}.Debug|Any CPU.ActiveCfg = Debug|Any CPU
		{A6CEB6FE-0B4A-4918-9D92-2853F9D820EE}.Debug|Any CPU.Build.0 = Debug|Any CPU
		{A6CEB6FE-0B4A-4918-9D92-2853F9D820EE}.Release|Any CPU.ActiveCfg = Release|Any CPU
		{A6CEB6FE-0B4A-4918-9D92-2853F9D820EE}.Release|Any CPU.Build.0 = Release|Any CPU
		{86B32DD5-4CE8-43A6-A4B0-D761261B9A4E}.Debug|Any CPU.ActiveCfg = Debug|Any CPU
		{86B32DD5-4CE8-43A6-A4B0-D761261B9A4E}.Debug|Any CPU.Build.0 = Debug|Any CPU
		{86B32DD5-4CE8-43A6-A4B0-D761261B9A4E}.Release|Any CPU.ActiveCfg = Release|Any CPU
		{86B32DD5-4CE8-43A6-A4B0-D761261B9A4E}.Release|Any CPU.Build.0 = Release|Any CPU
		{317095FA-B36E-4091-813D-77A6497550E4}.Debug|Any CPU.ActiveCfg = Debug|Any CPU
		{317095FA-B36E-4091-813D-77A6497550E4}.Debug|Any CPU.Build.0 = Debug|Any CPU
		{317095FA-B36E-4091-813D-77A6497550E4}.Release|Any CPU.ActiveCfg = Release|Any CPU
		{317095FA-B36E-4091-813D-77A6497550E4}.Release|Any CPU.Build.0 = Release|Any CPU
	EndGlobalSection
	GlobalSection(SolutionProperties) = preSolution
		HideSolutionNode = FALSE
	EndGlobalSection
	GlobalSection(ExtensibilityGlobals) = postSolution
		SolutionGuid = {DD59D439-7AFE-4B90-96A6-77C14CD96E51}
	EndGlobalSection
EndGlobal
