
Microsoft Visual Studio Solution File, Format Version 12.00
# Visual Studio 15
VisualStudioVersion = 15.0.28307.645
MinimumVisualStudioVersion = 10.0.40219.1
Project("{FAE04EC0-301F-11D3-BF4B-00C04F79EFBC}") = "CorporatePortal", "CorporatePortal\CorporatePortal.csproj", "{CEAC374B-26D6-4015-AD4D-3DB52BF4D9CC}"
EndProject
Global
	GlobalSection(SolutionConfigurationPlatforms) = preSolution
		Debug|Any CPU = Debug|Any CPU
		Release|Any CPU = Release|Any CPU
	EndGlobalSection
	GlobalSection(ProjectConfigurationPlatforms) = postSolution
		{CEAC374B-26D6-4015-AD4D-3DB52BF4D9CC}.Debug|Any CPU.ActiveCfg = Debug|Any CPU
		{CEAC374B-26D6-4015-AD4D-3DB52BF4D9CC}.Debug|Any CPU.Build.0 = Debug|Any CPU
		{CEAC374B-26D6-4015-AD4D-3DB52BF4D9CC}.Release|Any CPU.ActiveCfg = Release|Any CPU
		{CEAC374B-26D6-4015-AD4D-3DB52BF4D9CC}.Release|Any CPU.Build.0 = Release|Any CPU
	EndGlobalSection
	GlobalSection(SolutionProperties) = preSolution
		HideSolutionNode = FALSE
	EndGlobalSection
	GlobalSection(ExtensibilityGlobals) = postSolution
		SolutionGuid = {98F9A75C-0249-4758-954A-0D143A601D6C}
	EndGlobalSection
EndGlobal
