
Microsoft Visual Studio Solution File, Format Version 12.00
# Visual Studio 15
VisualStudioVersion = 15.0.28307.168
MinimumVisualStudioVersion = 10.0.40219.1
Project("{FAE04EC0-301F-11D3-BF4B-00C04F79EFBC}") = "7.1.-Date-Existance", "7.1.-Date-Existance\7.1.-Date-Existance.csproj", "{5CDA6E45-349A-4AB7-8E81-B83D4F43D01C}"
EndProject
Project("{FAE04EC0-301F-11D3-BF4B-00C04F79EFBC}") = "7.2.-HTML-Replacer", "7.2.-HTML-Replacer\7.2.-HTML-Replacer.csproj", "{72B080C8-8C7D-44E8-B1CA-66E4B8EA47CD}"
EndProject
Project("{FAE04EC0-301F-11D3-BF4B-00C04F79EFBC}") = "7.3.-EMAIL- Finder", "7.3.-EMAIL- Finder\7.3.-EMAIL- Finder.csproj", "{24FE7724-0B2A-4AF4-957B-C07A543F7836}"
EndProject
Global
	GlobalSection(SolutionConfigurationPlatforms) = preSolution
		Debug|Any CPU = Debug|Any CPU
		Release|Any CPU = Release|Any CPU
	EndGlobalSection
	GlobalSection(ProjectConfigurationPlatforms) = postSolution
		{5CDA6E45-349A-4AB7-8E81-B83D4F43D01C}.Debug|Any CPU.ActiveCfg = Debug|Any CPU
		{5CDA6E45-349A-4AB7-8E81-B83D4F43D01C}.Debug|Any CPU.Build.0 = Debug|Any CPU
		{5CDA6E45-349A-4AB7-8E81-B83D4F43D01C}.Release|Any CPU.ActiveCfg = Release|Any CPU
		{5CDA6E45-349A-4AB7-8E81-B83D4F43D01C}.Release|Any CPU.Build.0 = Release|Any CPU
		{72B080C8-8C7D-44E8-B1CA-66E4B8EA47CD}.Debug|Any CPU.ActiveCfg = Debug|Any CPU
		{72B080C8-8C7D-44E8-B1CA-66E4B8EA47CD}.Debug|Any CPU.Build.0 = Debug|Any CPU
		{72B080C8-8C7D-44E8-B1CA-66E4B8EA47CD}.Release|Any CPU.ActiveCfg = Release|Any CPU
		{72B080C8-8C7D-44E8-B1CA-66E4B8EA47CD}.Release|Any CPU.Build.0 = Release|Any CPU
		{24FE7724-0B2A-4AF4-957B-C07A543F7836}.Debug|Any CPU.ActiveCfg = Debug|Any CPU
		{24FE7724-0B2A-4AF4-957B-C07A543F7836}.Debug|Any CPU.Build.0 = Debug|Any CPU
		{24FE7724-0B2A-4AF4-957B-C07A543F7836}.Release|Any CPU.ActiveCfg = Release|Any CPU
		{24FE7724-0B2A-4AF4-957B-C07A543F7836}.Release|Any CPU.Build.0 = Release|Any CPU
	EndGlobalSection
	GlobalSection(SolutionProperties) = preSolution
		HideSolutionNode = FALSE
	EndGlobalSection
	GlobalSection(ExtensibilityGlobals) = postSolution
		SolutionGuid = {C2401D2E-1B03-49ED-8B69-1E894BA698B6}
	EndGlobalSection
EndGlobal
