
Microsoft Visual Studio Solution File, Format Version 12.00
# Visual Studio 15
VisualStudioVersion = 15.0.28307.645
MinimumVisualStudioVersion = 10.0.40219.1
Project("{FAE04EC0-301F-11D3-BF4B-00C04F79EFBC}") = "06-task-design-patterns", "06-task-design-patterns\06-task-design-patterns.csproj", "{769ADB44-3D8C-4C18-AC2B-AA282228D702}"
EndProject
Project("{FAE04EC0-301F-11D3-BF4B-00C04F79EFBC}") = "6.2-and-awards", "6.2-and-awards\6.2-and-awards.csproj", "{46B39DB5-A720-4609-B625-96FE9D9660DD}"
EndProject
Project("{FAE04EC0-301F-11D3-BF4B-00C04F79EFBC}") = "6.1-users", "6.1-users\6.1-users.csproj", "{AE48D9C4-1079-4DCD-B62C-9F8D37E409BD}"
EndProject
Global
	GlobalSection(SolutionConfigurationPlatforms) = preSolution
		Debug|Any CPU = Debug|Any CPU
		Release|Any CPU = Release|Any CPU
	EndGlobalSection
	GlobalSection(ProjectConfigurationPlatforms) = postSolution
		{769ADB44-3D8C-4C18-AC2B-AA282228D702}.Debug|Any CPU.ActiveCfg = Debug|Any CPU
		{769ADB44-3D8C-4C18-AC2B-AA282228D702}.Debug|Any CPU.Build.0 = Debug|Any CPU
		{769ADB44-3D8C-4C18-AC2B-AA282228D702}.Release|Any CPU.ActiveCfg = Release|Any CPU
		{769ADB44-3D8C-4C18-AC2B-AA282228D702}.Release|Any CPU.Build.0 = Release|Any CPU
		{46B39DB5-A720-4609-B625-96FE9D9660DD}.Debug|Any CPU.ActiveCfg = Debug|Any CPU
		{46B39DB5-A720-4609-B625-96FE9D9660DD}.Debug|Any CPU.Build.0 = Debug|Any CPU
		{46B39DB5-A720-4609-B625-96FE9D9660DD}.Release|Any CPU.ActiveCfg = Release|Any CPU
		{46B39DB5-A720-4609-B625-96FE9D9660DD}.Release|Any CPU.Build.0 = Release|Any CPU
		{AE48D9C4-1079-4DCD-B62C-9F8D37E409BD}.Debug|Any CPU.ActiveCfg = Debug|Any CPU
		{AE48D9C4-1079-4DCD-B62C-9F8D37E409BD}.Debug|Any CPU.Build.0 = Debug|Any CPU
		{AE48D9C4-1079-4DCD-B62C-9F8D37E409BD}.Release|Any CPU.ActiveCfg = Release|Any CPU
		{AE48D9C4-1079-4DCD-B62C-9F8D37E409BD}.Release|Any CPU.Build.0 = Release|Any CPU
	EndGlobalSection
	GlobalSection(SolutionProperties) = preSolution
		HideSolutionNode = FALSE
	EndGlobalSection
	GlobalSection(ExtensibilityGlobals) = postSolution
		SolutionGuid = {D9A560CA-18BF-423D-B23C-5E1E8E6AB55D}
	EndGlobalSection
EndGlobal
