
Microsoft Visual Studio Solution File, Format Version 12.00
# Visual Studio 15
VisualStudioVersion = 15.0.28307.645
MinimumVisualStudioVersion = 10.0.40219.1
Project("{9A19103F-16F7-4668-BE54-9A1E7A4F7556}") = "6.2-and-awards", "6.2-and-awards\6.2-and-awards.csproj", "{46B39DB5-A720-4609-B625-96FE9D9660DD}"
EndProject
Project("{FAE04EC0-301F-11D3-BF4B-00C04F79EFBC}") = "Users.BLL", "Users.BLL\Users.BLL.csproj", "{2010A91E-A105-4FBB-83B5-4EFEE26574E1}"
EndProject
Project("{FAE04EC0-301F-11D3-BF4B-00C04F79EFBC}") = "Users.PL", "Users.PL\Users.PL.csproj", "{9EE39A02-2CFB-4C23-9582-836A77220D3B}"
EndProject
Project("{FAE04EC0-301F-11D3-BF4B-00C04F79EFBC}") = "Users.DAL", "Users.DAL\Users.DAL.csproj", "{389C2C21-DCFC-4FD1-B7A2-426B0EAF0FF1}"
EndProject
Global
	GlobalSection(SolutionConfigurationPlatforms) = preSolution
		Debug|Any CPU = Debug|Any CPU
		Release|Any CPU = Release|Any CPU
	EndGlobalSection
	GlobalSection(ProjectConfigurationPlatforms) = postSolution
		{46B39DB5-A720-4609-B625-96FE9D9660DD}.Debug|Any CPU.ActiveCfg = Debug|Any CPU
		{46B39DB5-A720-4609-B625-96FE9D9660DD}.Debug|Any CPU.Build.0 = Debug|Any CPU
		{46B39DB5-A720-4609-B625-96FE9D9660DD}.Release|Any CPU.ActiveCfg = Release|Any CPU
		{46B39DB5-A720-4609-B625-96FE9D9660DD}.Release|Any CPU.Build.0 = Release|Any CPU
		{2010A91E-A105-4FBB-83B5-4EFEE26574E1}.Debug|Any CPU.ActiveCfg = Debug|Any CPU
		{2010A91E-A105-4FBB-83B5-4EFEE26574E1}.Debug|Any CPU.Build.0 = Debug|Any CPU
		{2010A91E-A105-4FBB-83B5-4EFEE26574E1}.Release|Any CPU.ActiveCfg = Release|Any CPU
		{2010A91E-A105-4FBB-83B5-4EFEE26574E1}.Release|Any CPU.Build.0 = Release|Any CPU
		{9EE39A02-2CFB-4C23-9582-836A77220D3B}.Debug|Any CPU.ActiveCfg = Debug|Any CPU
		{9EE39A02-2CFB-4C23-9582-836A77220D3B}.Debug|Any CPU.Build.0 = Debug|Any CPU
		{9EE39A02-2CFB-4C23-9582-836A77220D3B}.Release|Any CPU.ActiveCfg = Release|Any CPU
		{9EE39A02-2CFB-4C23-9582-836A77220D3B}.Release|Any CPU.Build.0 = Release|Any CPU
		{389C2C21-DCFC-4FD1-B7A2-426B0EAF0FF1}.Debug|Any CPU.ActiveCfg = Debug|Any CPU
		{389C2C21-DCFC-4FD1-B7A2-426B0EAF0FF1}.Debug|Any CPU.Build.0 = Debug|Any CPU
		{389C2C21-DCFC-4FD1-B7A2-426B0EAF0FF1}.Release|Any CPU.ActiveCfg = Release|Any CPU
		{389C2C21-DCFC-4FD1-B7A2-426B0EAF0FF1}.Release|Any CPU.Build.0 = Release|Any CPU
	EndGlobalSection
	GlobalSection(SolutionProperties) = preSolution
		HideSolutionNode = FALSE
	EndGlobalSection
	GlobalSection(ExtensibilityGlobals) = postSolution
		SolutionGuid = {D9A560CA-18BF-423D-B23C-5E1E8E6AB55D}
	EndGlobalSection
EndGlobal
