
Microsoft Visual Studio Solution File, Format Version 12.00
# Visual Studio 15
VisualStudioVersion = 15.0.28307.645
MinimumVisualStudioVersion = 10.0.40219.1
Project("{FAE04EC0-301F-11D3-BF4B-00C04F79EFBC}") = "4.1-custom-sort", "4.1-custom-sort\4.1-custom-sort.csproj", "{E7E78C64-60D1-45B9-B9E5-296FCBC797D7}"
EndProject
Project("{FAE04EC0-301F-11D3-BF4B-00C04F79EFBC}") = "4.2-custom-sort-demo", "4.2-custom-sort-demo\4.2-custom-sort-demo.csproj", "{BB44999A-1231-4AAA-A71D-E80141C4FD3B}"
EndProject
Project("{FAE04EC0-301F-11D3-BF4B-00C04F79EFBC}") = "4.3-sorting-unit", "4.3-sorting-unit\4.3-sorting-unit.csproj", "{1A11EFFB-6FF1-43DB-BA62-DF49558D6421}"
EndProject
Project("{FAE04EC0-301F-11D3-BF4B-00C04F79EFBC}") = "4.4-number-array-sum", "4.4-number-array-sum\4.4-number-array-sum.csproj", "{824EAB96-D1F6-4619-9DC4-915D8D0392C2}"
EndProject
Project("{FAE04EC0-301F-11D3-BF4B-00C04F79EFBC}") = "4.5-to-int-or-not-to-int", "4.5-to-int-or-not-to-int\4.5-to-int-or-not-to-int.csproj", "{774E17FA-A9B4-4EB5-8944-15054B57F82F}"
EndProject
Project("{FAE04EC0-301F-11D3-BF4B-00C04F79EFBC}") = "4.6-i-seek-you", "4.6-i-seek-you\4.6-i-seek-you.csproj", "{974F2D25-6B93-475F-A72B-964004294C15}"
EndProject
Global
	GlobalSection(SolutionConfigurationPlatforms) = preSolution
		Debug|Any CPU = Debug|Any CPU
		Release|Any CPU = Release|Any CPU
	EndGlobalSection
	GlobalSection(ProjectConfigurationPlatforms) = postSolution
		{E7E78C64-60D1-45B9-B9E5-296FCBC797D7}.Debug|Any CPU.ActiveCfg = Debug|Any CPU
		{E7E78C64-60D1-45B9-B9E5-296FCBC797D7}.Debug|Any CPU.Build.0 = Debug|Any CPU
		{E7E78C64-60D1-45B9-B9E5-296FCBC797D7}.Release|Any CPU.ActiveCfg = Release|Any CPU
		{E7E78C64-60D1-45B9-B9E5-296FCBC797D7}.Release|Any CPU.Build.0 = Release|Any CPU
		{BB44999A-1231-4AAA-A71D-E80141C4FD3B}.Debug|Any CPU.ActiveCfg = Debug|Any CPU
		{BB44999A-1231-4AAA-A71D-E80141C4FD3B}.Debug|Any CPU.Build.0 = Debug|Any CPU
		{BB44999A-1231-4AAA-A71D-E80141C4FD3B}.Release|Any CPU.ActiveCfg = Release|Any CPU
		{BB44999A-1231-4AAA-A71D-E80141C4FD3B}.Release|Any CPU.Build.0 = Release|Any CPU
		{1A11EFFB-6FF1-43DB-BA62-DF49558D6421}.Debug|Any CPU.ActiveCfg = Debug|Any CPU
		{1A11EFFB-6FF1-43DB-BA62-DF49558D6421}.Debug|Any CPU.Build.0 = Debug|Any CPU
		{1A11EFFB-6FF1-43DB-BA62-DF49558D6421}.Release|Any CPU.ActiveCfg = Release|Any CPU
		{1A11EFFB-6FF1-43DB-BA62-DF49558D6421}.Release|Any CPU.Build.0 = Release|Any CPU
		{824EAB96-D1F6-4619-9DC4-915D8D0392C2}.Debug|Any CPU.ActiveCfg = Debug|Any CPU
		{824EAB96-D1F6-4619-9DC4-915D8D0392C2}.Debug|Any CPU.Build.0 = Debug|Any CPU
		{824EAB96-D1F6-4619-9DC4-915D8D0392C2}.Release|Any CPU.ActiveCfg = Release|Any CPU
		{824EAB96-D1F6-4619-9DC4-915D8D0392C2}.Release|Any CPU.Build.0 = Release|Any CPU
		{774E17FA-A9B4-4EB5-8944-15054B57F82F}.Debug|Any CPU.ActiveCfg = Debug|Any CPU
		{774E17FA-A9B4-4EB5-8944-15054B57F82F}.Debug|Any CPU.Build.0 = Debug|Any CPU
		{774E17FA-A9B4-4EB5-8944-15054B57F82F}.Release|Any CPU.ActiveCfg = Release|Any CPU
		{774E17FA-A9B4-4EB5-8944-15054B57F82F}.Release|Any CPU.Build.0 = Release|Any CPU
		{974F2D25-6B93-475F-A72B-964004294C15}.Debug|Any CPU.ActiveCfg = Debug|Any CPU
		{974F2D25-6B93-475F-A72B-964004294C15}.Debug|Any CPU.Build.0 = Debug|Any CPU
		{974F2D25-6B93-475F-A72B-964004294C15}.Release|Any CPU.ActiveCfg = Release|Any CPU
		{974F2D25-6B93-475F-A72B-964004294C15}.Release|Any CPU.Build.0 = Release|Any CPU
	EndGlobalSection
	GlobalSection(SolutionProperties) = preSolution
		HideSolutionNode = FALSE
	EndGlobalSection
	GlobalSection(ExtensibilityGlobals) = postSolution
		SolutionGuid = {DFDF97D2-5691-4741-A6D4-4459F210798F}
	EndGlobalSection
EndGlobal
